
Microsoft Visual Studio Solution File, Format Version 12.00
# Visual Studio 15
VisualStudioVersion = 15.0.27130.2010
MinimumVisualStudioVersion = 10.0.40219.1
Project("{FAE04EC0-301F-11D3-BF4B-00C04F79EFBC}") = "PatrickFief.MovieLib.Windows", "PatrickFief.MovieLib.Windows\PatrickFief.MovieLib.Windows.csproj", "{05516688-2FB6-4B2B-882A-29BA4DA6F6B6}"
	ProjectSection(ProjectDependencies) = postProject
		{D62BE786-80F4-4E42-A789-AE5BDE3BBC2C} = {D62BE786-80F4-4E42-A789-AE5BDE3BBC2C}
	EndProjectSection
EndProject
Project("{FAE04EC0-301F-11D3-BF4B-00C04F79EFBC}") = "PatrickFief.MovieLib", "PatrickFief.MovieLib\PatrickFief.MovieLib.csproj", "{D62BE786-80F4-4E42-A789-AE5BDE3BBC2C}"
EndProject
Global
	GlobalSection(SolutionConfigurationPlatforms) = preSolution
		Debug|Any CPU = Debug|Any CPU
		Release|Any CPU = Release|Any CPU
	EndGlobalSection
	GlobalSection(ProjectConfigurationPlatforms) = postSolution
		{05516688-2FB6-4B2B-882A-29BA4DA6F6B6}.Debug|Any CPU.ActiveCfg = Debug|Any CPU
		{05516688-2FB6-4B2B-882A-29BA4DA6F6B6}.Debug|Any CPU.Build.0 = Debug|Any CPU
		{05516688-2FB6-4B2B-882A-29BA4DA6F6B6}.Release|Any CPU.ActiveCfg = Release|Any CPU
		{05516688-2FB6-4B2B-882A-29BA4DA6F6B6}.Release|Any CPU.Build.0 = Release|Any CPU
		{D62BE786-80F4-4E42-A789-AE5BDE3BBC2C}.Debug|Any CPU.ActiveCfg = Debug|Any CPU
		{D62BE786-80F4-4E42-A789-AE5BDE3BBC2C}.Debug|Any CPU.Build.0 = Debug|Any CPU
		{D62BE786-80F4-4E42-A789-AE5BDE3BBC2C}.Release|Any CPU.ActiveCfg = Release|Any CPU
		{D62BE786-80F4-4E42-A789-AE5BDE3BBC2C}.Release|Any CPU.Build.0 = Release|Any CPU
	EndGlobalSection
	GlobalSection(SolutionProperties) = preSolution
		HideSolutionNode = FALSE
	EndGlobalSection
	GlobalSection(ExtensibilityGlobals) = postSolution
		SolutionGuid = {8D393EC0-B05D-4095-8F80-4EB6972AAA4E}
	EndGlobalSection
EndGlobal
